Microsoft Visual Studio Solution File, Format Version 12.00
# Visual Studio 2012
Project("{FAE04EC0-301F-11D3-BF4B-00C04F79EFBC}") = "Proj Nackskott", "Proj Nackskott.csproj", "{89615C32-62EA-442E-9E49-51DFCB18574C}"
EndProject
Global
	GlobalSection(SolutitonConfigurationPlatforms) = preSolution
	Debug|Any CPU = Debug|Any CPU
	ExportDebug|Any CPU = ExportDebug|Any CPU
	ExportRelease|Any CPU = ExportRelease|Any CPU
	EndGlobalSection
	GlobalSection(ProjectConfigurationPlatforms) = postSolution
		{89615C32-62EA-442E-9E49-51DFCB18574C}.Debug|Any CPU.ActiveCfg = Debug|Any CPU
		{89615C32-62EA-442E-9E49-51DFCB18574C}.Debug|Any CPU.Build.0 = Debug|Any CPU
		{89615C32-62EA-442E-9E49-51DFCB18574C}.ExportDebug|Any CPU.ActiveCfg = ExportDebug|Any CPU
		{89615C32-62EA-442E-9E49-51DFCB18574C}.ExportDebug|Any CPU.Build.0 = ExportDebug|Any CPU
		{89615C32-62EA-442E-9E49-51DFCB18574C}.ExportRelease|Any CPU.ActiveCfg = ExportRelease|Any CPU
		{89615C32-62EA-442E-9E49-51DFCB18574C}.ExportRelease|Any CPU.Build.0 = ExportRelease|Any CPU
	EndGlobalSection
EndGlobal
